
Microsoft Visual Studio Solution File, Format Version 12.00
# Visual Studio Version 17
VisualStudioVersion = 17.1.32421.90
MinimumVisualStudioVersion = 10.0.40219.1
Project("{FAE04EC0-301F-11D3-BF4B-00C04F79EFBC}") = "Mayoría-de-Edad", "Mayoría-de-Edad\Mayoría-de-Edad.csproj", "{F4949759-F033-4189-B21E-335FF7F91FBB}"
EndProject
Global
	GlobalSection(SolutionConfigurationPlatforms) = preSolution
		Debug|Any CPU = Debug|Any CPU
		Release|Any CPU = Release|Any CPU
	EndGlobalSection
	GlobalSection(ProjectConfigurationPlatforms) = postSolution
		{F4949759-F033-4189-B21E-335FF7F91FBB}.Debug|Any CPU.ActiveCfg = Debug|Any CPU
		{F4949759-F033-4189-B21E-335FF7F91FBB}.Debug|Any CPU.Build.0 = Debug|Any CPU
		{F4949759-F033-4189-B21E-335FF7F91FBB}.Release|Any CPU.ActiveCfg = Release|Any CPU
		{F4949759-F033-4189-B21E-335FF7F91FBB}.Release|Any CPU.Build.0 = Release|Any CPU
	EndGlobalSection
	GlobalSection(SolutionProperties) = preSolution
		HideSolutionNode = FALSE
	EndGlobalSection
	GlobalSection(ExtensibilityGlobals) = postSolution
		SolutionGuid = {C9DD4E56-CA4F-4604-8212-D64DBDDB1162}
	EndGlobalSection
EndGlobal
