
Microsoft Visual Studio Solution File, Format Version 12.00
# Visual Studio Version 17
VisualStudioVersion = 17.1.32421.90
MinimumVisualStudioVersion = 10.0.40219.1
Project("{FAE04EC0-301F-11D3-BF4B-00C04F79EFBC}") = "matriz-bidimensional", "matriz-bidimensional\matriz-bidimensional.csproj", "{9F58B013-2E24-4E70-8816-C45D8EAB8956}"
EndProject
Global
	GlobalSection(SolutionConfigurationPlatforms) = preSolution
		Debug|Any CPU = Debug|Any CPU
		Release|Any CPU = Release|Any CPU
	EndGlobalSection
	GlobalSection(ProjectConfigurationPlatforms) = postSolution
		{9F58B013-2E24-4E70-8816-C45D8EAB8956}.Debug|Any CPU.ActiveCfg = Debug|Any CPU
		{9F58B013-2E24-4E70-8816-C45D8EAB8956}.Debug|Any CPU.Build.0 = Debug|Any CPU
		{9F58B013-2E24-4E70-8816-C45D8EAB8956}.Release|Any CPU.ActiveCfg = Release|Any CPU
		{9F58B013-2E24-4E70-8816-C45D8EAB8956}.Release|Any CPU.Build.0 = Release|Any CPU
	EndGlobalSection
	GlobalSection(SolutionProperties) = preSolution
		HideSolutionNode = FALSE
	EndGlobalSection
	GlobalSection(ExtensibilityGlobals) = postSolution
		SolutionGuid = {48040545-65CE-4C05-AA08-6EC6966DB01D}
	EndGlobalSection
EndGlobal
